
Microsoft Visual Studio Solution File, Format Version 12.00
# Visual Studio Version 17
VisualStudioVersion = 17.11.35303.130
MinimumVisualStudioVersion = 10.0.40219.1
Project("{FAE04EC0-301F-11D3-BF4B-00C04F79EFBC}") = "Generador de Numeros Aleatorios", "Generador de Numeros Aleatorios\Generador de Numeros Aleatorios.csproj", "{AD9A077C-2C2E-4404-831E-465DCA807472}"
EndProject
Global
	GlobalSection(SolutionConfigurationPlatforms) = preSolution
		Debug|Any CPU = Debug|Any CPU
		Release|Any CPU = Release|Any CPU
	EndGlobalSection
	GlobalSection(ProjectConfigurationPlatforms) = postSolution
		{AD9A077C-2C2E-4404-831E-465DCA807472}.Debug|Any CPU.ActiveCfg = Debug|Any CPU
		{AD9A077C-2C2E-4404-831E-465DCA807472}.Debug|Any CPU.Build.0 = Debug|Any CPU
		{AD9A077C-2C2E-4404-831E-465DCA807472}.Release|Any CPU.ActiveCfg = Release|Any CPU
		{AD9A077C-2C2E-4404-831E-465DCA807472}.Release|Any CPU.Build.0 = Release|Any CPU
	EndGlobalSection
	GlobalSection(SolutionProperties) = preSolution
		HideSolutionNode = FALSE
	EndGlobalSection
	GlobalSection(ExtensibilityGlobals) = postSolution
		SolutionGuid = {66BEEEB7-CE84-4C07-AC31-CE555FBFB04A}
	EndGlobalSection
EndGlobal
